
Microsoft Visual Studio Solution File, Format Version 12.00
# Visual Studio Version 17
VisualStudioVersion = 17.1.32210.238
MinimumVisualStudioVersion = 10.0.40219.1
Project("{FAE04EC0-301F-11D3-BF4B-00C04F79EFBC}") = "XpoNet6WasmSqlite", "XpoNet6WasmSqlite\XpoNet6WasmSqlite.csproj", "{5578BAAA-68DB-44E4-AA69-12FB9BB25521}"
EndProject
Project("{2150E333-8FDC-42A3-9474-1A3956D46DE8}") = "Solution Items", "Solution Items", "{09D2F8BC-6E82-40A8-814B-F32B4F1B6C85}"
	ProjectSection(SolutionItems) = preProject
		Notes.txt = Notes.txt
	EndProjectSection
EndProject
Global
	GlobalSection(SolutionConfigurationPlatforms) = preSolution
		Debug|Any CPU = Debug|Any CPU
		Release|Any CPU = Release|Any CPU
	EndGlobalSection
	GlobalSection(ProjectConfigurationPlatforms) = postSolution
		{5578BAAA-68DB-44E4-AA69-12FB9BB25521}.Debug|Any CPU.ActiveCfg = Debug|Any CPU
		{5578BAAA-68DB-44E4-AA69-12FB9BB25521}.Debug|Any CPU.Build.0 = Debug|Any CPU
		{5578BAAA-68DB-44E4-AA69-12FB9BB25521}.Release|Any CPU.ActiveCfg = Release|Any CPU
		{5578BAAA-68DB-44E4-AA69-12FB9BB25521}.Release|Any CPU.Build.0 = Release|Any CPU
	EndGlobalSection
	GlobalSection(SolutionProperties) = preSolution
		HideSolutionNode = FALSE
	EndGlobalSection
	GlobalSection(ExtensibilityGlobals) = postSolution
		SolutionGuid = {05C92092-8773-43B7-87A1-26F9B1F9F8F1}
	EndGlobalSection
EndGlobal
